{
  "name": "Adrian",
  "version": "1.0.0",
  "lockfileVersion": 1,
  "requires": true,
  "dependencies": {
    "bootstrap": {
      "version": "4.3.1",
      "resolved": "https://registry.npmjs.org/bootstrap/-/bootstrap-4.3.1.tgz",
      "integrity": "sha512-rXqOmH1VilAt2DyPzluTi2blhk17bO7ef+zLLPlWvG494pDxcM234pJ8wTc/6R40UWizAIIMgxjvxZg5kmsbag=="
    },
    "jquery": {
      "version": "3.6.1",
      "resolved": "https://registry.npmjs.org/jquery/-/jquery-3.6.1.tgz",
      "integrity": "sha512-opJeO4nCucVnsjiXOE+/PcCgYw9Gwpvs/a6B1LL/lQhwWwpbVEVYDZ1FokFr8PRc7ghYlrFPuyHuiiDNTQxmcw=="
    },
    "typed.js": {
      "version": "2.0.10",
      "resolved": "https://registry.npmjs.org/typed.js/-/typed.js-2.0.10.tgz",
      "integrity": "sha512-tpK+LRm5FM2GAIWWWogbOc4QRlctS425Ef1PCQKbj/G9wyig+Zt+20eLruK7CBPR+DEl/ou4uSfpwRETCSmk4A=="
    }
  }
}
